// !$*UTF8*$!
{
	archiveVersion = 1;
	classes = {
	};
	objectVersion = 46;
	objects = {

/* Begin PBXBuildFile section */
		EA3CAFC019026F5E00E38392 /* Foundation.framework in Frameworks */ = {isa = PBXBuildFile; fileRef = EA3CAFBF19026F5E00E38392 /* Foundation.framework */; };
		EA3CAFC219026F5E00E38392 /* CoreGraphics.framework in Frameworks */ = {isa = PBXBuildFile; fileRef = EA3CAFC119026F5E00E38392 /* CoreGraphics.framework */; };
		EA3CAFC419026F5E00E38392 /* UIKit.framework in Frameworks */ = {isa = PBXBuildFile; fileRef = EA3CAFC319026F5E00E38392 /* UIKit.framework */; };
		EA3CAFCA19026F5E00E38392 /* InfoPlist.strings in Resources */ = {isa = PBXBuildFile; fileRef = EA3CAFC819026F5E00E38392 /* InfoPlist.strings */; };
		EA3CAFCC19026F5E00E38392 /* main.m in Sources */ = {isa = PBXBuildFile; fileRef = EA3CAFCB19026F5E00E38392 /* main.m */; };
		EA3CAFD019026F5E00E38392 /* AppDelegate.m in Sources */ = {isa = PBXBuildFile; fileRef = EA3CAFCF19026F5E00E38392 /* AppDelegate.m */; };
		EA3CAFD319026F5E00E38392 /* Main.storyboard in Resources */ = {isa = PBXBuildFile; fileRef = EA3CAFD119026F5E00E38392 /* Main.storyboard */; };
		EA3CAFD619026F5E00E38392 /* ViewController.m in Sources */ = {isa = PBXBuildFile; fileRef = EA3CAFD519026F5E00E38392 /* ViewController.m */; };
		EA3CAFD819026F5E00E38392 /* Images.xcassets in Resources */ = {isa = PBXBuildFile; fileRef = EA3CAFD719026F5E00E38392 /* Images.xcassets */; };
		EA3CAFDF19026F5E00E38392 /* XCTest.framework in Frameworks */ = {isa = PBXBuildFile; fileRef = EA3CAFDE19026F5E00E38392 /* XCTest.framework */; };
		EA3CAFE019026F5E00E38392 /* Foundation.framework in Frameworks */ = {isa = PBXBuildFile; fileRef = EA3CAFBF19026F5E00E38392 /* Foundation.framework */; };
		EA3CAFE119026F5E00E38392 /* UIKit.framework in Frameworks */ = {isa = PBXBuildFile; fileRef = EA3CAFC319026F5E00E38392 /* UIKit.framework */; };
		EA3CAFE919026F5E00E38392 /* InfoPlist.strings in Resources */ = {isa = PBXBuildFile; fileRef = EA3CAFE719026F5E00E38392 /* InfoPlist.strings */; };
		EA3CAFEB19026F5E00E38392 /* Parallax_Side_ScrollTests.m in Sources */ = {isa = PBXBuildFile; fileRef = EA3CAFEA19026F5E00E38392 /* Parallax_Side_ScrollTests.m */; };
		EA3CAFF9190270B100E38392 /* bg_temp_1.jpg in Resources */ = {isa = PBXBuildFile; fileRef = EA3CAFF6190270B100E38392 /* bg_temp_1.jpg */; };
		EA3CAFFA190270B100E38392 /* bg_temp_2.jpg in Resources */ = {isa = PBXBuildFile; fileRef = EA3CAFF7190270B100E38392 /* bg_temp_2.jpg */; };
		EA3CAFFB190270B100E38392 /* bg_temp_3.jpg in Resources */ = {isa = PBXBuildFile; fileRef = EA3CAFF8190270B100E38392 /* bg_temp_3.jpg */; };
/* End PBXBuildFile section */

/* Begin PBXContainerItemProxy section */
		EA3CAFE219026F5E00E38392 /* PBXContainerItemProxy */ = {
			isa = PBXContainerItemProxy;
			containerPortal = EA3CAFB419026F5E00E38392 /* Project object */;
			proxyType = 1;
			remoteGlobalIDString = EA3CAFBB19026F5E00E38392;
			remoteInfo = "Parallax Side Scroll";
		};
/* End PBXContainerItemProxy section */

/* Begin PBXFileReference section */
		EA3CAFBC19026F5E00E38392 /* Parallax Side Scroll.app */ = {isa = PBXFileReference; explicitFileType = wrapper.application; includeInIndex = 0; path = "Parallax Side Scroll.app"; sourceTree = BUILT_PRODUCTS_DIR; };
		EA3CAFBF19026F5E00E38392 /* Foundation.framework */ = {isa = PBXFileReference; lastKnownFileType = wrapper.framework; name = Foundation.framework; path = System/Library/Frameworks/Foundation.framework; sourceTree = SDKROOT; };
		EA3CAFC119026F5E00E38392 /* CoreGraphics.framework */ = {isa = PBXFileReference; lastKnownFileType = wrapper.framework; name = CoreGraphics.framework; path = System/Library/Frameworks/CoreGraphics.framework; sourceTree = SDKROOT; };
		EA3CAFC319026F5E00E38392 /* UIKit.framework */ = {isa = PBXFileReference; lastKnownFileType = wrapper.framework; name = UIKit.framework; path = System/Library/Frameworks/UIKit.framework; sourceTree = SDKROOT; };
		EA3CAFC719026F5E00E38392 /* Parallax Side Scroll-Info.plist */ = {isa = PBXFileReference; lastKnownFileType = text.plist.xml; path = "Parallax Side Scroll-Info.plist"; sourceTree = "<group>"; };
		EA3CAFC919026F5E00E38392 /* en */ = {isa = PBXFileReference; lastKnownFileType = text.plist.strings; name = en; path = en.lproj/InfoPlist.strings; sourceTree = "<group>"; };
		EA3CAFCB19026F5E00E38392 /* main.m */ = {isa = PBXFileReference; lastKnownFileType = sourcecode.c.objc; path = main.m; sourceTree = "<group>"; };
		EA3CAFCD19026F5E00E38392 /* Parallax Side Scroll-Prefix.pch */ = {isa = PBXFileReference; lastKnownFileType = sourcecode.c.h; path = "Parallax Side Scroll-Prefix.pch"; sourceTree = "<group>"; };
		EA3CAFCE19026F5E00E38392 /* AppDelegate.h */ = {isa = PBXFileReference; lastKnownFileType = sourcecode.c.h; path = AppDelegate.h; sourceTree = "<group>"; };
		EA3CAFCF19026F5E00E38392 /* AppDelegate.m */ = {isa = PBXFileReference; lastKnownFileType = sourcecode.c.objc; path = AppDelegate.m; sourceTree = "<group>"; };
		EA3CAFD219026F5E00E38392 /* Base */ = {isa = PBXFileReference; lastKnownFileType = file.storyboard; name = Base; path = Base.lproj/Main.storyboard; sourceTree = "<group>"; };
		EA3CAFD419026F5E00E38392 /* ViewController.h */ = {isa = PBXFileReference; lastKnownFileType = sourcecode.c.h; path = ViewController.h; sourceTree = "<group>"; };
		EA3CAFD519026F5E00E38392 /* ViewController.m */ = {isa = PBXFileReference; lastKnownFileType = sourcecode.c.objc; path = ViewController.m; sourceTree = "<group>"; };
		EA3CAFD719026F5E00E38392 /* Images.xcassets */ = {isa = PBXFileReference; lastKnownFileType = folder.assetcatalog; path = Images.xcassets; sourceTree = "<group>"; };
		EA3CAFDD19026F5E00E38392 /* Parallax Side ScrollTests.xctest */ = {isa = PBXFileReference; explicitFileType = wrapper.cfbundle; includeInIndex = 0; path = "Parallax Side ScrollTests.xctest"; sourceTree = BUILT_PRODUCTS_DIR; };
		EA3CAFDE19026F5E00E38392 /* XCTest.framework */ = {isa = PBXFileReference; lastKnownFileType = wrapper.framework; name = XCTest.framework; path = Library/Frameworks/XCTest.framework; sourceTree = DEVELOPER_DIR; };
		EA3CAFE619026F5E00E38392 /* Parallax Side ScrollTests-Info.plist */ = {isa = PBXFileReference; lastKnownFileType = text.plist.xml; path = "Parallax Side ScrollTests-Info.plist"; sourceTree = "<group>"; };
		EA3CAFE819026F5E00E38392 /* en */ = {isa = PBXFileReference; lastKnownFileType = text.plist.strings; name = en; path = en.lproj/InfoPlist.strings; sourceTree = "<group>"; };
		EA3CAFEA19026F5E00E38392 /* Parallax_Side_ScrollTests.m */ = {isa = PBXFileReference; lastKnownFileType = sourcecode.c.objc; path = Parallax_Side_ScrollTests.m; sourceTree = "<group>"; };
		EA3CAFF6190270B100E38392 /* bg_temp_1.jpg */ = {isa = PBXFileReference; lastKnownFileType = image.jpeg; path = bg_temp_1.jpg; sourceTree = "<group>"; };
		EA3CAFF7190270B100E38392 /* bg_temp_2.jpg */ = {isa = PBXFileReference; lastKnownFileType = image.jpeg; path = bg_temp_2.jpg; sourceTree = "<group>"; };
		EA3CAFF8190270B100E38392 /* bg_temp_3.jpg */ = {isa = PBXFileReference; lastKnownFileType = image.jpeg; path = bg_temp_3.jpg; sourceTree = "<group>"; };
/* End PBXFileReference section */

/* Begin PBXFrameworksBuildPhase section */
		EA3CAFB919026F5E00E38392 /* Frameworks */ = {
			isa = PBXFrameworksBuildPhase;
			buildActionMask = 2147483647;
			files = (
				EA3CAFC219026F5E00E38392 /* CoreGraphics.framework in Frameworks */,
				EA3CAFC419026F5E00E38392 /* UIKit.framework in Frameworks */,
				EA3CAFC019026F5E00E38392 /* Foundation.framework in Frameworks */,
			);
			runOnlyForDeploymentPostprocessing = 0;
		};
		EA3CAFDA19026F5E00E38392 /* Frameworks */ = {
			isa = PBXFrameworksBuildPhase;
			buildActionMask = 2147483647;
			files = (
				EA3CAFDF19026F5E00E38392 /* XCTest.framework in Frameworks */,
				EA3CAFE119026F5E00E38392 /* UIKit.framework in Frameworks */,
				EA3CAFE019026F5E00E38392 /* Foundation.framework in Frameworks */,
			);
			runOnlyForDeploymentPostprocessing = 0;
		};
/* End PBXFrameworksBuildPhase section */

/* Begin PBXGroup section */
		EA3CAFB319026F5E00E38392 = {
			isa = PBXGroup;
			children = (
				EA3CAFC519026F5E00E38392 /* Parallax Side Scroll */,
				EA3CAFE419026F5E00E38392 /* Parallax Side ScrollTests */,
				EA3CAFBE19026F5E00E38392 /* Frameworks */,
				EA3CAFBD19026F5E00E38392 /* Products */,
			);
			sourceTree = "<group>";
		};
		EA3CAFBD19026F5E00E38392 /* Products */ = {
			isa = PBXGroup;
			children = (
				EA3CAFBC19026F5E00E38392 /* Parallax Side Scroll.app */,
				EA3CAFDD19026F5E00E38392 /* Parallax Side ScrollTests.xctest */,
			);
			name = Products;
			sourceTree = "<group>";
		};
		EA3CAFBE19026F5E00E38392 /* Frameworks */ = {
			isa = PBXGroup;
			children = (
				EA3CAFBF19026F5E00E38392 /* Foundation.framework */,
				EA3CAFC119026F5E00E38392 /* CoreGraphics.framework */,
				EA3CAFC319026F5E00E38392 /* UIKit.framework */,
				EA3CAFDE19026F5E00E38392 /* XCTest.framework */,
			);
			name = Frameworks;
			sourceTree = "<group>";
		};
		EA3CAFC519026F5E00E38392 /* Parallax Side Scroll */ = {
			isa = PBXGroup;
			children = (
				EA3CAFCE19026F5E00E38392 /* AppDelegate.h */,
				EA3CAFCF19026F5E00E38392 /* AppDelegate.m */,
				EA3CAFD119026F5E00E38392 /* Main.storyboard */,
				EA3CAFD419026F5E00E38392 /* ViewController.h */,
				EA3CAFD519026F5E00E38392 /* ViewController.m */,
				EA3CAFF4190270B100E38392 /* Images */,
				EA3CAFD719026F5E00E38392 /* Images.xcassets */,
				EA3CAFC619026F5E00E38392 /* Supporting Files */,
			);
			path = "Parallax Side Scroll";
			sourceTree = "<group>";
		};
		EA3CAFC619026F5E00E38392 /* Supporting Files */ = {
			isa = PBXGroup;
			children = (
				EA3CAFC719026F5E00E38392 /* Parallax Side Scroll-Info.plist */,
				EA3CAFC819026F5E00E38392 /* InfoPlist.strings */,
				EA3CAFCB19026F5E00E38392 /* main.m */,
				EA3CAFCD19026F5E00E38392 /* Parallax Side Scroll-Prefix.pch */,
			);
			name = "Supporting Files";
			sourceTree = "<group>";
		};
		EA3CAFE419026F5E00E38392 /* Parallax Side ScrollTests */ = {
			isa = PBXGroup;
			children = (
				EA3CAFEA19026F5E00E38392 /* Parallax_Side_ScrollTests.m */,
				EA3CAFE519026F5E00E38392 /* Supporting Files */,
			);
			path = "Parallax Side ScrollTests";
			sourceTree = "<group>";
		};
		EA3CAFE519026F5E00E38392 /* Supporting Files */ = {
			isa = PBXGroup;
			children = (
				EA3CAFE619026F5E00E38392 /* Parallax Side ScrollTests-Info.plist */,
				EA3CAFE719026F5E00E38392 /* InfoPlist.strings */,
			);
			name = "Supporting Files";
			sourceTree = "<group>";
		};
		EA3CAFF4190270B100E38392 /* Images */ = {
			isa = PBXGroup;
			children = (
				EA3CAFF5190270B100E38392 /* BackgroundImages */,
			);
			path = Images;
			sourceTree = "<group>";
		};
		EA3CAFF5190270B100E38392 /* BackgroundImages */ = {
			isa = PBXGroup;
			children = (
				EA3CAFF6190270B100E38392 /* bg_temp_1.jpg */,
				EA3CAFF7190270B100E38392 /* bg_temp_2.jpg */,
				EA3CAFF8190270B100E38392 /* bg_temp_3.jpg */,
			);
			path = BackgroundImages;
			sourceTree = "<group>";
		};
/* End PBXGroup section */

/* Begin PBXNativeTarget section */
		EA3CAFBB19026F5E00E38392 /* Parallax Side Scroll */ = {
			isa = PBXNativeTarget;
			buildConfigurationList = EA3CAFEE19026F5E00E38392 /* Build configuration list for PBXNativeTarget "Parallax Side Scroll" */;
			buildPhases = (
				EA3CAFB819026F5E00E38392 /* Sources */,
				EA3CAFB919026F5E00E38392 /* Frameworks */,
				EA3CAFBA19026F5E00E38392 /* Resources */,
			);
			buildRules = (
			);
			dependencies = (
			);
			name = "Parallax Side Scroll";
			productName = "Parallax Side Scroll";
			productReference = EA3CAFBC19026F5E00E38392 /* Parallax Side Scroll.app */;
			productType = "com.apple.product-type.application";
		};
		EA3CAFDC19026F5E00E38392 /* Parallax Side ScrollTests */ = {
			isa = PBXNativeTarget;
			buildConfigurationList = EA3CAFF119026F5E00E38392 /* Build configuration list for PBXNativeTarget "Parallax Side ScrollTests" */;
			buildPhases = (
				EA3CAFD919026F5E00E38392 /* Sources */,
				EA3CAFDA19026F5E00E38392 /* Frameworks */,
				EA3CAFDB19026F5E00E38392 /* Resources */,
			);
			buildRules = (
			);
			dependencies = (
				EA3CAFE319026F5E00E38392 /* PBXTargetDependency */,
			);
			name = "Parallax Side ScrollTests";
			productName = "Parallax Side ScrollTests";
			productReference = EA3CAFDD19026F5E00E38392 /* Parallax Side ScrollTests.xctest */;
			productType = "com.apple.product-type.bundle.unit-test";
		};
/* End PBXNativeTarget section */

/* Begin PBXProject section */
		EA3CAFB419026F5E00E38392 /* Project object */ = {
			isa = PBXProject;
			attributes = {
				LastUpgradeCheck = 0510;
				ORGANIZATIONNAME = vin;
				TargetAttributes = {
					EA3CAFDC19026F5E00E38392 = {
						TestTargetID = EA3CAFBB19026F5E00E38392;
					};
				};
			};
			buildConfigurationList = EA3CAFB719026F5E00E38392 /* Build configuration list for PBXProject "Parallax Side Scroll" */;
			compatibilityVersion = "Xcode 3.2";
			developmentRegion = English;
			hasScannedForEncodings = 0;
			knownRegions = (
				en,
				Base,
			);
			mainGroup = EA3CAFB319026F5E00E38392;
			productRefGroup = EA3CAFBD19026F5E00E38392 /* Products */;
			projectDirPath = "";
			projectRoot = "";
			targets = (
				EA3CAFBB19026F5E00E38392 /* Parallax Side Scroll */,
				EA3CAFDC19026F5E00E38392 /* Parallax Side ScrollTests */,
			);
		};
/* End PBXProject section */

/* Begin PBXResourcesBuildPhase section */
		EA3CAFBA19026F5E00E38392 /* Resources */ = {
			isa = PBXResourcesBuildPhase;
			buildActionMask = 2147483647;
			files = (
				EA3CAFD819026F5E00E38392 /* Images.xcassets in Resources */,
				EA3CAFFA190270B100E38392 /* bg_temp_2.jpg in Resources */,
				EA3CAFCA19026F5E00E38392 /* InfoPlist.strings in Resources */,
				EA3CAFF9190270B100E38392 /* bg_temp_1.jpg in Resources */,
				EA3CAFFB190270B100E38392 /* bg_temp_3.jpg in Resources */,
				EA3CAFD319026F5E00E38392 /* Main.storyboard in Resources */,
			);
			runOnlyForDeploymentPostprocessing = 0;
		};
		EA3CAFDB19026F5E00E38392 /* Resources */ = {
			isa = PBXResourcesBuildPhase;
			buildActionMask = 2147483647;
			files = (
				EA3CAFE919026F5E00E38392 /* InfoPlist.strings in Resources */,
			);
			runOnlyForDeploymentPostprocessing = 0;
		};
/* End PBXResourcesBuildPhase section */

/* Begin PBXSourcesBuildPhase section */
		EA3CAFB819026F5E00E38392 /* Sources */ = {
			isa = PBXSourcesBuildPhase;
			buildActionMask = 2147483647;
			files = (
				EA3CAFD619026F5E00E38392 /* ViewController.m in Sources */,
				EA3CAFD019026F5E00E38392 /* AppDelegate.m in Sources */,
				EA3CAFCC19026F5E00E38392 /* main.m in Sources */,
			);
			runOnlyForDeploymentPostprocessing = 0;
		};
		EA3CAFD919026F5E00E38392 /* Sources */ = {
			isa = PBXSourcesBuildPhase;
			buildActionMask = 2147483647;
			files = (
				EA3CAFEB19026F5E00E38392 /* Parallax_Side_ScrollTests.m in Sources */,
			);
			runOnlyForDeploymentPostprocessing = 0;
		};
/* End PBXSourcesBuildPhase section */

/* Begin PBXTargetDependency section */
		EA3CAFE319026F5E00E38392 /* PBXTargetDependency */ = {
			isa = PBXTargetDependency;
			target = EA3CAFBB19026F5E00E38392 /* Parallax Side Scroll */;
			targetProxy = EA3CAFE219026F5E00E38392 /* PBXContainerItemProxy */;
		};
/* End PBXTargetDependency section */

/* Begin PBXVariantGroup section */
		EA3CAFC819026F5E00E38392 /* InfoPlist.strings */ = {
			isa = PBXVariantGroup;
			children = (
				EA3CAFC919026F5E00E38392 /* en */,
			);
			name = InfoPlist.strings;
			sourceTree = "<group>";
		};
		EA3CAFD119026F5E00E38392 /* Main.storyboard */ = {
			isa = PBXVariantGroup;
			children = (
				EA3CAFD219026F5E00E38392 /* Base */,
			);
			name = Main.storyboard;
			sourceTree = "<group>";
		};
		EA3CAFE719026F5E00E38392 /* InfoPlist.strings */ = {
			isa = PBXVariantGroup;
			children = (
				EA3CAFE819026F5E00E38392 /* en */,
			);
			name = InfoPlist.strings;
			sourceTree = "<group>";
		};
/* End PBXVariantGroup section */

/* Begin XCBuildConfiguration section */
		EA3CAFEC19026F5E00E38392 /* Debug */ = {
			isa = XCBuildConfiguration;
			buildSettings = {
				ALWAYS_SEARCH_USER_PATHS = NO;
				CLANG_CXX_LANGUAGE_STANDARD = "gnu++0x";
				CLANG_CXX_LIBRARY = "libc++";
				CLANG_ENABLE_MODULES = YES;
				CLANG_ENABLE_OBJC_ARC = YES;
				CLANG_WARN_BOOL_CONVERSION = YES;
				CLANG_WARN_CONSTANT_CONVERSION = YES;
				CLANG_WARN_DIRECT_OBJC_ISA_USAGE = YES_ERROR;
				CLANG_WARN_EMPTY_BODY = YES;
				CLANG_WARN_ENUM_CONVERSION = YES;
				CLANG_WARN_INT_CONVERSION = YES;
				CLANG_WARN_OBJC_ROOT_CLASS = YES_ERROR;
				CLANG_WARN__DUPLICATE_METHOD_MATCH = YES;
				"CODE_SIGN_IDENTITY[sdk=iphoneos*]" = "iPhone Developer";
				COPY_PHASE_STRIP = NO;
				GCC_C_LANGUAGE_STANDARD = gnu99;
				GCC_DYNAMIC_NO_PIC = NO;
				GCC_OPTIMIZATION_LEVEL = 0;
				GCC_PREPROCESSOR_DEFINITIONS = (
					"DEBUG=1",
					"$(inherited)",
				);
				GCC_SYMBOLS_PRIVATE_EXTERN = NO;
				GCC_WARN_64_TO_32_BIT_CONVERSION = YES;
				GCC_WARN_ABOUT_RETURN_TYPE = YES_ERROR;
				GCC_WARN_UNDECLARED_SELECTOR = YES;
				GCC_WARN_UNINITIALIZED_AUTOS = YES_AGGRESSIVE;
				GCC_WARN_UNUSED_FUNCTION = YES;
				GCC_WARN_UNUSED_VARIABLE = YES;
				IPHONEOS_DEPLOYMENT_TARGET = 7.1;
				ONLY_ACTIVE_ARCH = YES;
				SDKROOT = iphoneos;
			};
			name = Debug;
		};
		EA3CAFED19026F5E00E38392 /* Release */ = {
			isa = XCBuildConfiguration;
			buildSettings = {
				ALWAYS_SEARCH_USER_PATHS = NO;
				CLANG_CXX_LANGUAGE_STANDARD = "gnu++0x";
				CLANG_CXX_LIBRARY = "libc++";
				CLANG_ENABLE_MODULES = YES;
				CLANG_ENABLE_OBJC_ARC = YES;
				CLANG_WARN_BOOL_CONVERSION = YES;
				CLANG_WARN_CONSTANT_CONVERSION = YES;
				CLANG_WARN_DIRECT_OBJC_ISA_USAGE = YES_ERROR;
				CLANG_WARN_EMPTY_BODY = YES;
				CLANG_WARN_ENUM_CONVERSION = YES;
				CLANG_WARN_INT_CONVERSION = YES;
				CLANG_WARN_OBJC_ROOT_CLASS = YES_ERROR;
				CLANG_WARN__DUPLICATE_METHOD_MATCH = YES;
				"CODE_SIGN_IDENTITY[sdk=iphoneos*]" = "iPhone Developer";
				COPY_PHASE_STRIP = YES;
				ENABLE_NS_ASSERTIONS = NO;
				GCC_C_LANGUAGE_STANDARD = gnu99;
				GCC_WARN_64_TO_32_BIT_CONVERSION = YES;
				GCC_WARN_ABOUT_RETURN_TYPE = YES_ERROR;
				GCC_WARN_UNDECLARED_SELECTOR = YES;
				GCC_WARN_UNINITIALIZED_AUTOS = YES_AGGRESSIVE;
				GCC_WARN_UNUSED_FUNCTION = YES;
				GCC_WARN_UNUSED_VARIABLE = YES;
				IPHONEOS_DEPLOYMENT_TARGET = 7.1;
				SDKROOT = iphoneos;
				VALIDATE_PRODUCT = YES;
			};
			name = Release;
		};
		EA3CAFEF19026F5E00E38392 /* Debug */ = {
			isa = XCBuildConfiguration;
			buildSettings = {
				ASSETCATALOG_COMPILER_APPICON_NAME = AppIcon;
				ASSETCATALOG_COMPILER_LAUNCHIMAGE_NAME = LaunchImage;
				GCC_PRECOMPILE_PREFIX_HEADER = YES;
				GCC_PREFIX_HEADER = "Parallax Side Scroll/Parallax Side Scroll-Prefix.pch";
				INFOPLIST_FILE = "Parallax Side Scroll/Parallax Side Scroll-Info.plist";
				PRODUCT_NAME = "$(TARGET_NAME)";
				WRAPPER_EXTENSION = app;
			};
			name = Debug;
		};
		EA3CAFF019026F5E00E38392 /* Release */ = {
			isa = XCBuildConfiguration;
			buildSettings = {
				ASSETCATALOG_COMPILER_APPICON_NAME = AppIcon;
				ASSETCATALOG_COMPILER_LAUNCHIMAGE_NAME = LaunchImage;
				GCC_PRECOMPILE_PREFIX_HEADER = YES;
				GCC_PREFIX_HEADER = "Parallax Side Scroll/Parallax Side Scroll-Prefix.pch";
				INFOPLIST_FILE = "Parallax Side Scroll/Parallax Side Scroll-Info.plist";
				PRODUCT_NAME = "$(TARGET_NAME)";
				WRAPPER_EXTENSION = app;
			};
			name = Release;
		};
		EA3CAFF219026F5E00E38392 /* Debug */ = {
			isa = XCBuildConfiguration;
			buildSettings = {
				BUNDLE_LOADER = "$(BUILT_PRODUCTS_DIR)/Parallax Side Scroll.app/Parallax Side Scroll";
				FRAMEWORK_SEARCH_PATHS = (
					"$(SDKROOT)/Developer/Library/Frameworks",
					"$(inherited)",
					"$(DEVELOPER_FRAMEWORKS_DIR)",
				);
				GCC_PRECOMPILE_PREFIX_HEADER = YES;
				GCC_PREFIX_HEADER = "Parallax Side Scroll/Parallax Side Scroll-Prefix.pch";
				GCC_PREPROCESSOR_DEFINITIONS = (
					"DEBUG=1",
					"$(inherited)",
				);
				INFOPLIST_FILE = "Parallax Side ScrollTests/Parallax Side ScrollTests-Info.plist";
				PRODUCT_NAME = "$(TARGET_NAME)";
				TEST_HOST = "$(BUNDLE_LOADER)";
				WRAPPER_EXTENSION = xctest;
			};
			name = Debug;
		};
		EA3CAFF319026F5E00E38392 /* Release */ = {
			isa = XCBuildConfiguration;
			buildSettings = {
				BUNDLE_LOADER = "$(BUILT_PRODUCTS_DIR)/Parallax Side Scroll.app/Parallax Side Scroll";
				FRAMEWORK_SEARCH_PATHS = (
					"$(SDKROOT)/Developer/Library/Frameworks",
					"$(inherited)",
					"$(DEVELOPER_FRAMEWORKS_DIR)",
				);
				GCC_PRECOMPILE_PREFIX_HEADER = YES;
				GCC_PREFIX_HEADER = "Parallax Side Scroll/Parallax Side Scroll-Prefix.pch";
				INFOPLIST_FILE = "Parallax Side ScrollTests/Parallax Side ScrollTests-Info.plist";
				PRODUCT_NAME = "$(TARGET_NAME)";
				TEST_HOST = "$(BUNDLE_LOADER)";
				WRAPPER_EXTENSION = xctest;
			};
			name = Release;
		};
/* End XCBuildConfiguration section */

/* Begin XCConfigurationList section */
		EA3CAFB719026F5E00E38392 /* Build configuration list for PBXProject "Parallax Side Scroll" */ = {
			isa = XCConfigurationList;
			buildConfigurations = (
				EA3CAFEC19026F5E00E38392 /* Debug */,
				EA3CAFED19026F5E00E38392 /* Release */,
			);
			defaultConfigurationIsVisible = 0;
			defaultConfigurationName = Release;
		};
		EA3CAFEE19026F5E00E38392 /* Build configuration list for PBXNativeTarget "Parallax Side Scroll" */ = {
			isa = XCConfigurationList;
			buildConfigurations = (
				EA3CAFEF19026F5E00E38392 /* Debug */,
				EA3CAFF019026F5E00E38392 /* Release */,
			);
			defaultConfigurationIsVisible = 0;
		};
		EA3CAFF119026F5E00E38392 /* Build configuration list for PBXNativeTarget "Parallax Side ScrollTests" */ = {
			isa = XCConfigurationList;
			buildConfigurations = (
				EA3CAFF219026F5E00E38392 /* Debug */,
				EA3CAFF319026F5E00E38392 /* Release */,
			);
			defaultConfigurationIsVisible = 0;
		};
/* End XCConfigurationList section */
	};
	rootObject = EA3CAFB419026F5E00E38392 /* Project object */;
}
